
Microsoft Visual Studio Solution File, Format Version 12.00
# Visual Studio Version 17
VisualStudioVersion = 17.5.002.0
MinimumVisualStudioVersion = 10.0.40219.1
Project("{2150E333-8FDC-42A3-9474-1A3956D46DE8}") = "csharp-prep", "csharp-prep", "{7A2B1919-A5E3-478C-AAC0-257138242390}"
EndProject
Project("{9A19103F-16F7-4668-BE54-9A1E7A4F7556}") = "Prep1", "csharp-prep\Prep1\Prep1.csproj", "{3BD39854-6FE7-40AC-8FFF-7D7EB1578EC1}"
EndProject
Project("{9A19103F-16F7-4668-BE54-9A1E7A4F7556}") = "Prep2", "csharp-prep\Prep2\Prep2.csproj", "{7859FAE6-7F46-4BE5-B566-EFEA55F5E97A}"
EndProject
Project("{9A19103F-16F7-4668-BE54-9A1E7A4F7556}") = "Prep3", "csharp-prep\Prep3\Prep3.csproj", "{2670E513-A1AD-4A67-AE32-A5B5CD8B4421}"
EndProject
Project("{9A19103F-16F7-4668-BE54-9A1E7A4F7556}") = "Prep4", "csharp-prep\Prep4\Prep4.csproj", "{04857370-A519-4DB8-9198-7B2841CB3E9E}"
EndProject
Project("{9A19103F-16F7-4668-BE54-9A1E7A4F7556}") = "Prep5", "csharp-prep\Prep5\Prep5.csproj", "{5032A924-5319-4369-99BC-7CC4E0CB3328}"
EndProject
Project("{2150E333-8FDC-42A3-9474-1A3956D46DE8}") = "final", "final", "{E8B72CBD-4ED2-469A-B078-EEF54DFE684B}"
EndProject
Project("{9A19103F-16F7-4668-BE54-9A1E7A4F7556}") = "FinalProject", "final\FinalProject\FinalProject.csproj", "{0A00FB75-A98D-4315-BE57-2994B2712F74}"
EndProject
Project("{9A19103F-16F7-4668-BE54-9A1E7A4F7556}") = "Foundation1", "final\Foundation1\Foundation1.csproj", "{FC4E8D88-BB48-4003-8E4C-CFB24C69DD81}"
EndProject
Project("{9A19103F-16F7-4668-BE54-9A1E7A4F7556}") = "Foundation2", "final\Foundation2\Foundation2.csproj", "{93F05AF8-28D3-44C1-B9EA-7C2F20FF5C73}"
EndProject
Project("{9A19103F-16F7-4668-BE54-9A1E7A4F7556}") = "Foundation3", "final\Foundation3\Foundation3.csproj", "{95B78B3A-5FED-4A34-A98C-37D3825A53E3}"
EndProject
Project("{9A19103F-16F7-4668-BE54-9A1E7A4F7556}") = "Foundation4", "final\Foundation4\Foundation4.csproj", "{5282E5D3-9DCB-41F5-B0B4-CB0F07BA6A16}"
EndProject
Project("{2150E333-8FDC-42A3-9474-1A3956D46DE8}") = "prepare", "prepare", "{B6DF800F-70CA-4982-894C-D4D849410F64}"
EndProject
Project("{9A19103F-16F7-4668-BE54-9A1E7A4F7556}") = "Learning02", "prepare\Learning02\Learning02.csproj", "{2409E30B-2DDD-4193-B273-8CE097304426}"
EndProject
Project("{9A19103F-16F7-4668-BE54-9A1E7A4F7556}") = "Learning03", "prepare\Learning03\Learning03.csproj", "{7822125D-C054-4C1B-BA50-95E3F904C7FD}"
EndProject
Project("{9A19103F-16F7-4668-BE54-9A1E7A4F7556}") = "Learning04", "prepare\Learning04\Learning04.csproj", "{007F8F1F-1143-4593-93A3-13F62AB7C0AF}"
EndProject
Project("{9A19103F-16F7-4668-BE54-9A1E7A4F7556}") = "Learning05", "prepare\Learning05\Learning05.csproj", "{0BF23E1C-FE43-476F-A603-7677F64921BE}"
EndProject
Project("{2150E333-8FDC-42A3-9474-1A3956D46DE8}") = "prove", "prove", "{BA603BC2-CF69-4534-96C7-258A7B9CBC6E}"
EndProject
Project("{9A19103F-16F7-4668-BE54-9A1E7A4F7556}") = "Develop02", "prove\Develop02\Develop02.csproj", "{E1FC36A4-8605-4355-8EBB-A80F8EF549DC}"
EndProject
Project("{9A19103F-16F7-4668-BE54-9A1E7A4F7556}") = "Develop03", "prove\Develop03\Develop03.csproj", "{48A7F1D9-D5BF-4436-9366-FAD95697E011}"
EndProject
Project("{9A19103F-16F7-4668-BE54-9A1E7A4F7556}") = "Develop04", "prove\Develop04\Develop04.csproj", "{3E0449F2-8676-4EAE-8B3A-D51B3A779CE6}"
EndProject
Project("{9A19103F-16F7-4668-BE54-9A1E7A4F7556}") = "Develop05", "prove\Develop05\Develop05.csproj", "{087F0F62-EDCF-4838-9CFB-B7F3CFFA7208}"
EndProject
Project("{2150E333-8FDC-42A3-9474-1A3956D46DE8}") = "sandbox", "sandbox", "{EDCE15F7-CBF9-46DD-9BF9-ABC9A773F305}"
EndProject
Project("{9A19103F-16F7-4668-BE54-9A1E7A4F7556}") = "Sandbox", "sandbox\Sandbox\Sandbox.csproj", "{CD2780CA-2504-489B-9137-3EC9E7BBA406}"
EndProject
Global
	GlobalSection(SolutionConfigurationPlatforms) = preSolution
		Debug|Any CPU = Debug|Any CPU
		Release|Any CPU = Release|Any CPU
	EndGlobalSection
	GlobalSection(ProjectConfigurationPlatforms) = postSolution
		{3BD39854-6FE7-40AC-8FFF-7D7EB1578EC1}.Debug|Any CPU.ActiveCfg = Debug|Any CPU
		{3BD39854-6FE7-40AC-8FFF-7D7EB1578EC1}.Debug|Any CPU.Build.0 = Debug|Any CPU
		{3BD39854-6FE7-40AC-8FFF-7D7EB1578EC1}.Release|Any CPU.ActiveCfg = Release|Any CPU
		{3BD39854-6FE7-40AC-8FFF-7D7EB1578EC1}.Release|Any CPU.Build.0 = Release|Any CPU
		{7859FAE6-7F46-4BE5-B566-EFEA55F5E97A}.Debug|Any CPU.ActiveCfg = Debug|Any CPU
		{7859FAE6-7F46-4BE5-B566-EFEA55F5E97A}.Debug|Any CPU.Build.0 = Debug|Any CPU
		{7859FAE6-7F46-4BE5-B566-EFEA55F5E97A}.Release|Any CPU.ActiveCfg = Release|Any CPU
		{7859FAE6-7F46-4BE5-B566-EFEA55F5E97A}.Release|Any CPU.Build.0 = Release|Any CPU
		{2670E513-A1AD-4A67-AE32-A5B5CD8B4421}.Debug|Any CPU.ActiveCfg = Debug|Any CPU
		{2670E513-A1AD-4A67-AE32-A5B5CD8B4421}.Debug|Any CPU.Build.0 = Debug|Any CPU
		{2670E513-A1AD-4A67-AE32-A5B5CD8B4421}.Release|Any CPU.ActiveCfg = Release|Any CPU
		{2670E513-A1AD-4A67-AE32-A5B5CD8B4421}.Release|Any CPU.Build.0 = Release|Any CPU
		{04857370-A519-4DB8-9198-7B2841CB3E9E}.Debug|Any CPU.ActiveCfg = Debug|Any CPU
		{04857370-A519-4DB8-9198-7B2841CB3E9E}.Debug|Any CPU.Build.0 = Debug|Any CPU
		{04857370-A519-4DB8-9198-7B2841CB3E9E}.Release|Any CPU.ActiveCfg = Release|Any CPU
		{04857370-A519-4DB8-9198-7B2841CB3E9E}.Release|Any CPU.Build.0 = Release|Any CPU
		{5032A924-5319-4369-99BC-7CC4E0CB3328}.Debug|Any CPU.ActiveCfg = Debug|Any CPU
		{5032A924-5319-4369-99BC-7CC4E0CB3328}.Debug|Any CPU.Build.0 = Debug|Any CPU
		{5032A924-5319-4369-99BC-7CC4E0CB3328}.Release|Any CPU.ActiveCfg = Release|Any CPU
		{5032A924-5319-4369-99BC-7CC4E0CB3328}.Release|Any CPU.Build.0 = Release|Any CPU
		{0A00FB75-A98D-4315-BE57-2994B2712F74}.Debug|Any CPU.ActiveCfg = Debug|Any CPU
		{0A00FB75-A98D-4315-BE57-2994B2712F74}.Debug|Any CPU.Build.0 = Debug|Any CPU
		{0A00FB75-A98D-4315-BE57-2994B2712F74}.Release|Any CPU.ActiveCfg = Release|Any CPU
		{0A00FB75-A98D-4315-BE57-2994B2712F74}.Release|Any CPU.Build.0 = Release|Any CPU
		{FC4E8D88-BB48-4003-8E4C-CFB24C69DD81}.Debug|Any CPU.ActiveCfg = Debug|Any CPU
		{FC4E8D88-BB48-4003-8E4C-CFB24C69DD81}.Debug|Any CPU.Build.0 = Debug|Any CPU
		{FC4E8D88-BB48-4003-8E4C-CFB24C69DD81}.Release|Any CPU.ActiveCfg = Release|Any CPU
		{FC4E8D88-BB48-4003-8E4C-CFB24C69DD81}.Release|Any CPU.Build.0 = Release|Any CPU
		{93F05AF8-28D3-44C1-B9EA-7C2F20FF5C73}.Debug|Any CPU.ActiveCfg = Debug|Any CPU
		{93F05AF8-28D3-44C1-B9EA-7C2F20FF5C73}.Debug|Any CPU.Build.0 = Debug|Any CPU
		{93F05AF8-28D3-44C1-B9EA-7C2F20FF5C73}.Release|Any CPU.ActiveCfg = Release|Any CPU
		{93F05AF8-28D3-44C1-B9EA-7C2F20FF5C73}.Release|Any CPU.Build.0 = Release|Any CPU
		{95B78B3A-5FED-4A34-A98C-37D3825A53E3}.Debug|Any CPU.ActiveCfg = Debug|Any CPU
		{95B78B3A-5FED-4A34-A98C-37D3825A53E3}.Debug|Any CPU.Build.0 = Debug|Any CPU
		{95B78B3A-5FED-4A34-A98C-37D3825A53E3}.Release|Any CPU.ActiveCfg = Release|Any CPU
		{95B78B3A-5FED-4A34-A98C-37D3825A53E3}.Release|Any CPU.Build.0 = Release|Any CPU
		{5282E5D3-9DCB-41F5-B0B4-CB0F07BA6A16}.Debug|Any CPU.ActiveCfg = Debug|Any CPU
		{5282E5D3-9DCB-41F5-B0B4-CB0F07BA6A16}.Debug|Any CPU.Build.0 = Debug|Any CPU
		{5282E5D3-9DCB-41F5-B0B4-CB0F07BA6A16}.Release|Any CPU.ActiveCfg = Release|Any CPU
		{5282E5D3-9DCB-41F5-B0B4-CB0F07BA6A16}.Release|Any CPU.Build.0 = Release|Any CPU
		{2409E30B-2DDD-4193-B273-8CE097304426}.Debug|Any CPU.ActiveCfg = Debug|Any CPU
		{2409E30B-2DDD-4193-B273-8CE097304426}.Debug|Any CPU.Build.0 = Debug|Any CPU
		{2409E30B-2DDD-4193-B273-8CE097304426}.Release|Any CPU.ActiveCfg = Release|Any CPU
		{2409E30B-2DDD-4193-B273-8CE097304426}.Release|Any CPU.Build.0 = Release|Any CPU
		{7822125D-C054-4C1B-BA50-95E3F904C7FD}.Debug|Any CPU.ActiveCfg = Debug|Any CPU
		{7822125D-C054-4C1B-BA50-95E3F904C7FD}.Debug|Any CPU.Build.0 = Debug|Any CPU
		{7822125D-C054-4C1B-BA50-95E3F904C7FD}.Release|Any CPU.ActiveCfg = Release|Any CPU
		{7822125D-C054-4C1B-BA50-95E3F904C7FD}.Release|Any CPU.Build.0 = Release|Any CPU
		{007F8F1F-1143-4593-93A3-13F62AB7C0AF}.Debug|Any CPU.ActiveCfg = Debug|Any CPU
		{007F8F1F-1143-4593-93A3-13F62AB7C0AF}.Debug|Any CPU.Build.0 = Debug|Any CPU
		{007F8F1F-1143-4593-93A3-13F62AB7C0AF}.Release|Any CPU.ActiveCfg = Release|Any CPU
		{007F8F1F-1143-4593-93A3-13F62AB7C0AF}.Release|Any CPU.Build.0 = Release|Any CPU
		{0BF23E1C-FE43-476F-A603-7677F64921BE}.Debug|Any CPU.ActiveCfg = Debug|Any CPU
		{0BF23E1C-FE43-476F-A603-7677F64921BE}.Debug|Any CPU.Build.0 = Debug|Any CPU
		{0BF23E1C-FE43-476F-A603-7677F64921BE}.Release|Any CPU.ActiveCfg = Release|Any CPU
		{0BF23E1C-FE43-476F-A603-7677F64921BE}.Release|Any CPU.Build.0 = Release|Any CPU
		{E1FC36A4-8605-4355-8EBB-A80F8EF549DC}.Debug|Any CPU.ActiveCfg = Debug|Any CPU
		{E1FC36A4-8605-4355-8EBB-A80F8EF549DC}.Debug|Any CPU.Build.0 = Debug|Any CPU
		{E1FC36A4-8605-4355-8EBB-A80F8EF549DC}.Release|Any CPU.ActiveCfg = Release|Any CPU
		{E1FC36A4-8605-4355-8EBB-A80F8EF549DC}.Release|Any CPU.Build.0 = Release|Any CPU
		{48A7F1D9-D5BF-4436-9366-FAD95697E011}.Debug|Any CPU.ActiveCfg = Debug|Any CPU
		{48A7F1D9-D5BF-4436-9366-FAD95697E011}.Debug|Any CPU.Build.0 = Debug|Any CPU
		{48A7F1D9-D5BF-4436-9366-FAD95697E011}.Release|Any CPU.ActiveCfg = Release|Any CPU
		{48A7F1D9-D5BF-4436-9366-FAD95697E011}.Release|Any CPU.Build.0 = Release|Any CPU
		{3E0449F2-8676-4EAE-8B3A-D51B3A779CE6}.Debug|Any CPU.ActiveCfg = Debug|Any CPU
		{3E0449F2-8676-4EAE-8B3A-D51B3A779CE6}.Debug|Any CPU.Build.0 = Debug|Any CPU
		{3E0449F2-8676-4EAE-8B3A-D51B3A779CE6}.Release|Any CPU.ActiveCfg = Release|Any CPU
		{3E0449F2-8676-4EAE-8B3A-D51B3A779CE6}.Release|Any CPU.Build.0 = Release|Any CPU
		{087F0F62-EDCF-4838-9CFB-B7F3CFFA7208}.Debug|Any CPU.ActiveCfg = Debug|Any CPU
		{087F0F62-EDCF-4838-9CFB-B7F3CFFA7208}.Debug|Any CPU.Build.0 = Debug|Any CPU
		{087F0F62-EDCF-4838-9CFB-B7F3CFFA7208}.Release|Any CPU.ActiveCfg = Release|Any CPU
		{087F0F62-EDCF-4838-9CFB-B7F3CFFA7208}.Release|Any CPU.Build.0 = Release|Any CPU
		{CD2780CA-2504-489B-9137-3EC9E7BBA406}.Debug|Any CPU.ActiveCfg = Debug|Any CPU
		{CD2780CA-2504-489B-9137-3EC9E7BBA406}.Debug|Any CPU.Build.0 = Debug|Any CPU
		{CD2780CA-2504-489B-9137-3EC9E7BBA406}.Release|Any CPU.ActiveCfg = Release|Any CPU
		{CD2780CA-2504-489B-9137-3EC9E7BBA406}.Release|Any CPU.Build.0 = Release|Any CPU
	EndGlobalSection
	GlobalSection(SolutionProperties) = preSolution
		HideSolutionNode = FALSE
	EndGlobalSection
	GlobalSection(NestedProjects) = preSolution
		{3BD39854-6FE7-40AC-8FFF-7D7EB1578EC1} = {7A2B1919-A5E3-478C-AAC0-257138242390}
		{7859FAE6-7F46-4BE5-B566-EFEA55F5E97A} = {7A2B1919-A5E3-478C-AAC0-257138242390}
		{2670E513-A1AD-4A67-AE32-A5B5CD8B4421} = {7A2B1919-A5E3-478C-AAC0-257138242390}
		{04857370-A519-4DB8-9198-7B2841CB3E9E} = {7A2B1919-A5E3-478C-AAC0-257138242390}
		{5032A924-5319-4369-99BC-7CC4E0CB3328} = {7A2B1919-A5E3-478C-AAC0-257138242390}
		{0A00FB75-A98D-4315-BE57-2994B2712F74} = {E8B72CBD-4ED2-469A-B078-EEF54DFE684B}
		{FC4E8D88-BB48-4003-8E4C-CFB24C69DD81} = {E8B72CBD-4ED2-469A-B078-EEF54DFE684B}
		{93F05AF8-28D3-44C1-B9EA-7C2F20FF5C73} = {E8B72CBD-4ED2-469A-B078-EEF54DFE684B}
		{95B78B3A-5FED-4A34-A98C-37D3825A53E3} = {E8B72CBD-4ED2-469A-B078-EEF54DFE684B}
		{5282E5D3-9DCB-41F5-B0B4-CB0F07BA6A16} = {E8B72CBD-4ED2-469A-B078-EEF54DFE684B}
		{2409E30B-2DDD-4193-B273-8CE097304426} = {B6DF800F-70CA-4982-894C-D4D849410F64}
		{7822125D-C054-4C1B-BA50-95E3F904C7FD} = {B6DF800F-70CA-4982-894C-D4D849410F64}
		{007F8F1F-1143-4593-93A3-13F62AB7C0AF} = {B6DF800F-70CA-4982-894C-D4D849410F64}
		{0BF23E1C-FE43-476F-A603-7677F64921BE} = {B6DF800F-70CA-4982-894C-D4D849410F64}
		{E1FC36A4-8605-4355-8EBB-A80F8EF549DC} = {BA603BC2-CF69-4534-96C7-258A7B9CBC6E}
		{48A7F1D9-D5BF-4436-9366-FAD95697E011} = {BA603BC2-CF69-4534-96C7-258A7B9CBC6E}
		{3E0449F2-8676-4EAE-8B3A-D51B3A779CE6} = {BA603BC2-CF69-4534-96C7-258A7B9CBC6E}
		{087F0F62-EDCF-4838-9CFB-B7F3CFFA7208} = {BA603BC2-CF69-4534-96C7-258A7B9CBC6E}
		{CD2780CA-2504-489B-9137-3EC9E7BBA406} = {EDCE15F7-CBF9-46DD-9BF9-ABC9A773F305}
	EndGlobalSection
	GlobalSection(ExtensibilityGlobals) = postSolution
		SolutionGuid = {1DE0B67B-836D-4C41-9C18-47743847816F}
	EndGlobalSection
EndGlobal
